
Microsoft Visual Studio Solution File, Format Version 12.00
# Visual Studio 14
VisualStudioVersion = 14.0.25420.1
MinimumVisualStudioVersion = 10.0.40219.1
Project("{2150E333-8FDC-42A3-9474-1A3956D46DE8}") = "0-VLC.PRS", "0-VLC.PRS", "{B8C5C54E-8412-4BC9-9E30-759FAEB5984B}"
	ProjectSection(SolutionItems) = preProject
		Readme.txt = Readme.txt
	EndProjectSection
EndProject
Project("{FAE04EC0-301F-11D3-BF4B-00C04F79EFBC}") = "VLC.Common", "VLC.Common\VLC.Common.csproj", "{B90C9F2F-483C-4154-AB74-CEE65C37168C}"
EndProject
Project("{2150E333-8FDC-42A3-9474-1A3956D46DE8}") = "1-VLC.Bootstrappter", "1-VLC.Bootstrappter", "{BF5ABAD6-DF95-48C0-B1F0-F095BD43AAAB}"
EndProject
Project("{2150E333-8FDC-42A3-9474-1A3956D46DE8}") = "2-VLC.View", "2-VLC.View", "{9372B441-20C8-40D0-AE61-ADBA1D37D592}"
EndProject
Project("{2150E333-8FDC-42A3-9474-1A3956D46DE8}") = "3-VLC.Presentation", "3-VLC.Presentation", "{247D8E39-1514-4CAC-B6D2-433F221E38BD}"
EndProject
Project("{2150E333-8FDC-42A3-9474-1A3956D46DE8}") = "4-VLC.DataAccessor", "4-VLC.DataAccessor", "{A5B1D1DA-0986-4702-B38D-C09067A6A839}"
EndProject
Project("{2150E333-8FDC-42A3-9474-1A3956D46DE8}") = "5-VLC.Common", "5-VLC.Common", "{26546F4B-2029-4603-B536-8ADA12C1B2F8}"
EndProject
Project("{FAE04EC0-301F-11D3-BF4B-00C04F79EFBC}") = "VLC.MediaPlayer.Presentation", "VLC.MediaPlayer.Presentation\VLC.MediaPlayer.Presentation.csproj", "{FEAB2093-19F7-4DCE-8E84-5FFCCF0C98DC}"
EndProject
Project("{FAE04EC0-301F-11D3-BF4B-00C04F79EFBC}") = "VLC.MediaPlayer", "VLC.MediaPlayer\VLC.MediaPlayer.csproj", "{335B6766-F3B7-4AD0-BE5B-E8F42DBD4E14}"
EndProject
Project("{FAE04EC0-301F-11D3-BF4B-00C04F79EFBC}") = "VLC.MediaPlayer.View", "VLC.MediaPlayer.View\VLC.MediaPlayer.View.csproj", "{5F27B1AE-95DC-4057-BE9F-D0546269DF81}"
EndProject
Project("{FAE04EC0-301F-11D3-BF4B-00C04F79EFBC}") = "VLC.MediaLibrary.Repository.LocalFile", "VLC.MediaReader.Repository.LocalFile\VLC.MediaLibrary.Repository.LocalFile\VLC.MediaLibrary.Repository.LocalFile.csproj", "{FD09DBCE-94FA-4A86-8843-E334673FF946}"
EndProject
Project("{FAE04EC0-301F-11D3-BF4B-00C04F79EFBC}") = "VLC.MediaPlayer.Presentation.Tests", "VLC.MediaPlayer.Presentation.Tests\VLC.MediaPlayer.Presentation.Tests.csproj", "{D5A4EF3D-5325-4C82-9AE8-CF201CE14BC6}"
EndProject
Global
	GlobalSection(SolutionConfigurationPlatforms) = preSolution
		Debug|Any CPU = Debug|Any CPU
		Debug|x64 = Debug|x64
		Debug|x86 = Debug|x86
		Release|Any CPU = Release|Any CPU
		Release|x64 = Release|x64
		Release|x86 = Release|x86
	EndGlobalSection
	GlobalSection(ProjectConfigurationPlatforms) = postSolution
		{B90C9F2F-483C-4154-AB74-CEE65C37168C}.Debug|Any CPU.ActiveCfg = Debug|Any CPU
		{B90C9F2F-483C-4154-AB74-CEE65C37168C}.Debug|Any CPU.Build.0 = Debug|Any CPU
		{B90C9F2F-483C-4154-AB74-CEE65C37168C}.Debug|x64.ActiveCfg = Debug|Any CPU
		{B90C9F2F-483C-4154-AB74-CEE65C37168C}.Debug|x64.Build.0 = Debug|Any CPU
		{B90C9F2F-483C-4154-AB74-CEE65C37168C}.Debug|x86.ActiveCfg = Debug|Any CPU
		{B90C9F2F-483C-4154-AB74-CEE65C37168C}.Debug|x86.Build.0 = Debug|Any CPU
		{B90C9F2F-483C-4154-AB74-CEE65C37168C}.Release|Any CPU.ActiveCfg = Release|Any CPU
		{B90C9F2F-483C-4154-AB74-CEE65C37168C}.Release|Any CPU.Build.0 = Release|Any CPU
		{B90C9F2F-483C-4154-AB74-CEE65C37168C}.Release|x64.ActiveCfg = Release|Any CPU
		{B90C9F2F-483C-4154-AB74-CEE65C37168C}.Release|x64.Build.0 = Release|Any CPU
		{B90C9F2F-483C-4154-AB74-CEE65C37168C}.Release|x86.ActiveCfg = Release|Any CPU
		{B90C9F2F-483C-4154-AB74-CEE65C37168C}.Release|x86.Build.0 = Release|Any CPU
		{FEAB2093-19F7-4DCE-8E84-5FFCCF0C98DC}.Debug|Any CPU.ActiveCfg = Debug|Any CPU
		{FEAB2093-19F7-4DCE-8E84-5FFCCF0C98DC}.Debug|Any CPU.Build.0 = Debug|Any CPU
		{FEAB2093-19F7-4DCE-8E84-5FFCCF0C98DC}.Debug|x64.ActiveCfg = Debug|Any CPU
		{FEAB2093-19F7-4DCE-8E84-5FFCCF0C98DC}.Debug|x64.Build.0 = Debug|Any CPU
		{FEAB2093-19F7-4DCE-8E84-5FFCCF0C98DC}.Debug|x86.ActiveCfg = Debug|Any CPU
		{FEAB2093-19F7-4DCE-8E84-5FFCCF0C98DC}.Debug|x86.Build.0 = Debug|Any CPU
		{FEAB2093-19F7-4DCE-8E84-5FFCCF0C98DC}.Release|Any CPU.ActiveCfg = Release|Any CPU
		{FEAB2093-19F7-4DCE-8E84-5FFCCF0C98DC}.Release|Any CPU.Build.0 = Release|Any CPU
		{FEAB2093-19F7-4DCE-8E84-5FFCCF0C98DC}.Release|x64.ActiveCfg = Release|Any CPU
		{FEAB2093-19F7-4DCE-8E84-5FFCCF0C98DC}.Release|x64.Build.0 = Release|Any CPU
		{FEAB2093-19F7-4DCE-8E84-5FFCCF0C98DC}.Release|x86.ActiveCfg = Release|Any CPU
		{FEAB2093-19F7-4DCE-8E84-5FFCCF0C98DC}.Release|x86.Build.0 = Release|Any CPU
		{335B6766-F3B7-4AD0-BE5B-E8F42DBD4E14}.Debug|Any CPU.ActiveCfg = Debug|Any CPU
		{335B6766-F3B7-4AD0-BE5B-E8F42DBD4E14}.Debug|Any CPU.Build.0 = Debug|Any CPU
		{335B6766-F3B7-4AD0-BE5B-E8F42DBD4E14}.Debug|x64.ActiveCfg = Debug|Any CPU
		{335B6766-F3B7-4AD0-BE5B-E8F42DBD4E14}.Debug|x64.Build.0 = Debug|Any CPU
		{335B6766-F3B7-4AD0-BE5B-E8F42DBD4E14}.Debug|x86.ActiveCfg = Debug|Any CPU
		{335B6766-F3B7-4AD0-BE5B-E8F42DBD4E14}.Debug|x86.Build.0 = Debug|Any CPU
		{335B6766-F3B7-4AD0-BE5B-E8F42DBD4E14}.Release|Any CPU.ActiveCfg = Release|Any CPU
		{335B6766-F3B7-4AD0-BE5B-E8F42DBD4E14}.Release|Any CPU.Build.0 = Release|Any CPU
		{335B6766-F3B7-4AD0-BE5B-E8F42DBD4E14}.Release|x64.ActiveCfg = Release|Any CPU
		{335B6766-F3B7-4AD0-BE5B-E8F42DBD4E14}.Release|x64.Build.0 = Release|Any CPU
		{335B6766-F3B7-4AD0-BE5B-E8F42DBD4E14}.Release|x86.ActiveCfg = Release|Any CPU
		{335B6766-F3B7-4AD0-BE5B-E8F42DBD4E14}.Release|x86.Build.0 = Release|Any CPU
		{5F27B1AE-95DC-4057-BE9F-D0546269DF81}.Debug|Any CPU.ActiveCfg = Debug|Any CPU
		{5F27B1AE-95DC-4057-BE9F-D0546269DF81}.Debug|Any CPU.Build.0 = Debug|Any CPU
		{5F27B1AE-95DC-4057-BE9F-D0546269DF81}.Debug|x64.ActiveCfg = Debug|Any CPU
		{5F27B1AE-95DC-4057-BE9F-D0546269DF81}.Debug|x64.Build.0 = Debug|Any CPU
		{5F27B1AE-95DC-4057-BE9F-D0546269DF81}.Debug|x86.ActiveCfg = Debug|Any CPU
		{5F27B1AE-95DC-4057-BE9F-D0546269DF81}.Debug|x86.Build.0 = Debug|Any CPU
		{5F27B1AE-95DC-4057-BE9F-D0546269DF81}.Release|Any CPU.ActiveCfg = Release|Any CPU
		{5F27B1AE-95DC-4057-BE9F-D0546269DF81}.Release|Any CPU.Build.0 = Release|Any CPU
		{5F27B1AE-95DC-4057-BE9F-D0546269DF81}.Release|x64.ActiveCfg = Release|Any CPU
		{5F27B1AE-95DC-4057-BE9F-D0546269DF81}.Release|x64.Build.0 = Release|Any CPU
		{5F27B1AE-95DC-4057-BE9F-D0546269DF81}.Release|x86.ActiveCfg = Release|Any CPU
		{5F27B1AE-95DC-4057-BE9F-D0546269DF81}.Release|x86.Build.0 = Release|Any CPU
		{FD09DBCE-94FA-4A86-8843-E334673FF946}.Debug|Any CPU.ActiveCfg = Debug|Any CPU
		{FD09DBCE-94FA-4A86-8843-E334673FF946}.Debug|Any CPU.Build.0 = Debug|Any CPU
		{FD09DBCE-94FA-4A86-8843-E334673FF946}.Debug|x64.ActiveCfg = Debug|Any CPU
		{FD09DBCE-94FA-4A86-8843-E334673FF946}.Debug|x64.Build.0 = Debug|Any CPU
		{FD09DBCE-94FA-4A86-8843-E334673FF946}.Debug|x86.ActiveCfg = Debug|Any CPU
		{FD09DBCE-94FA-4A86-8843-E334673FF946}.Debug|x86.Build.0 = Debug|Any CPU
		{FD09DBCE-94FA-4A86-8843-E334673FF946}.Release|Any CPU.ActiveCfg = Release|Any CPU
		{FD09DBCE-94FA-4A86-8843-E334673FF946}.Release|Any CPU.Build.0 = Release|Any CPU
		{FD09DBCE-94FA-4A86-8843-E334673FF946}.Release|x64.ActiveCfg = Release|Any CPU
		{FD09DBCE-94FA-4A86-8843-E334673FF946}.Release|x64.Build.0 = Release|Any CPU
		{FD09DBCE-94FA-4A86-8843-E334673FF946}.Release|x86.ActiveCfg = Release|Any CPU
		{FD09DBCE-94FA-4A86-8843-E334673FF946}.Release|x86.Build.0 = Release|Any CPU
		{D5A4EF3D-5325-4C82-9AE8-CF201CE14BC6}.Debug|Any CPU.ActiveCfg = Debug|Any CPU
		{D5A4EF3D-5325-4C82-9AE8-CF201CE14BC6}.Debug|Any CPU.Build.0 = Debug|Any CPU
		{D5A4EF3D-5325-4C82-9AE8-CF201CE14BC6}.Debug|x64.ActiveCfg = Debug|Any CPU
		{D5A4EF3D-5325-4C82-9AE8-CF201CE14BC6}.Debug|x64.Build.0 = Debug|Any CPU
		{D5A4EF3D-5325-4C82-9AE8-CF201CE14BC6}.Debug|x86.ActiveCfg = Debug|Any CPU
		{D5A4EF3D-5325-4C82-9AE8-CF201CE14BC6}.Debug|x86.Build.0 = Debug|Any CPU
		{D5A4EF3D-5325-4C82-9AE8-CF201CE14BC6}.Release|Any CPU.ActiveCfg = Release|Any CPU
		{D5A4EF3D-5325-4C82-9AE8-CF201CE14BC6}.Release|Any CPU.Build.0 = Release|Any CPU
		{D5A4EF3D-5325-4C82-9AE8-CF201CE14BC6}.Release|x64.ActiveCfg = Release|Any CPU
		{D5A4EF3D-5325-4C82-9AE8-CF201CE14BC6}.Release|x64.Build.0 = Release|Any CPU
		{D5A4EF3D-5325-4C82-9AE8-CF201CE14BC6}.Release|x86.ActiveCfg = Release|Any CPU
		{D5A4EF3D-5325-4C82-9AE8-CF201CE14BC6}.Release|x86.Build.0 = Release|Any CPU
	EndGlobalSection
	GlobalSection(SolutionProperties) = preSolution
		HideSolutionNode = FALSE
	EndGlobalSection
	GlobalSection(NestedProjects) = preSolution
		{B90C9F2F-483C-4154-AB74-CEE65C37168C} = {26546F4B-2029-4603-B536-8ADA12C1B2F8}
		{FEAB2093-19F7-4DCE-8E84-5FFCCF0C98DC} = {247D8E39-1514-4CAC-B6D2-433F221E38BD}
		{335B6766-F3B7-4AD0-BE5B-E8F42DBD4E14} = {BF5ABAD6-DF95-48C0-B1F0-F095BD43AAAB}
		{5F27B1AE-95DC-4057-BE9F-D0546269DF81} = {9372B441-20C8-40D0-AE61-ADBA1D37D592}
		{FD09DBCE-94FA-4A86-8843-E334673FF946} = {A5B1D1DA-0986-4702-B38D-C09067A6A839}
		{D5A4EF3D-5325-4C82-9AE8-CF201CE14BC6} = {247D8E39-1514-4CAC-B6D2-433F221E38BD}
	EndGlobalSection
	GlobalSection(ExtensibilityGlobals) = postSolution
		SolutionGuid = {E77AA60E-FAFB-4DAE-B02D-26FC294DD6C1}
	EndGlobalSection
EndGlobal
