
Microsoft Visual Studio Solution File, Format Version 12.00
# Visual Studio 14
VisualStudioVersion = 14.0.25420.1
MinimumVisualStudioVersion = 10.0.40219.1
Project("{FAE04EC0-301F-11D3-BF4B-00C04F79EFBC}") = "VLC.MediaPlayer", "VideoLANCSharpWPF\VLC.MediaPlayer.csproj", "{9EBBC679-31A0-4069-874D-5161FFC7346E}"
EndProject
Project("{2150E333-8FDC-42A3-9474-1A3956D46DE8}") = "VLC.SolutionItems", "VLC.SolutionItems", "{B8C5C54E-8412-4BC9-9E30-759FAEB5984B}"
	ProjectSection(SolutionItems) = preProject
		Readme.txt = Readme.txt
	EndProjectSection
EndProject
Project("{FAE04EC0-301F-11D3-BF4B-00C04F79EFBC}") = "VLC.Common", "VLC.Common\VLC.Common.csproj", "{B90C9F2F-483C-4154-AB74-CEE65C37168C}"
EndProject
Global
	GlobalSection(SolutionConfigurationPlatforms) = preSolution
		Debug|Any CPU = Debug|Any CPU
		Debug|x64 = Debug|x64
		Debug|x86 = Debug|x86
		Release|Any CPU = Release|Any CPU
		Release|x64 = Release|x64
		Release|x86 = Release|x86
	EndGlobalSection
	GlobalSection(ProjectConfigurationPlatforms) = postSolution
		{9EBBC679-31A0-4069-874D-5161FFC7346E}.Debug|Any CPU.ActiveCfg = Debug|Any CPU
		{9EBBC679-31A0-4069-874D-5161FFC7346E}.Debug|Any CPU.Build.0 = Debug|Any CPU
		{9EBBC679-31A0-4069-874D-5161FFC7346E}.Debug|x64.ActiveCfg = Debug|Any CPU
		{9EBBC679-31A0-4069-874D-5161FFC7346E}.Debug|x64.Build.0 = Debug|Any CPU
		{9EBBC679-31A0-4069-874D-5161FFC7346E}.Debug|x86.ActiveCfg = Debug|x86
		{9EBBC679-31A0-4069-874D-5161FFC7346E}.Debug|x86.Build.0 = Debug|x86
		{9EBBC679-31A0-4069-874D-5161FFC7346E}.Release|Any CPU.ActiveCfg = Release|Any CPU
		{9EBBC679-31A0-4069-874D-5161FFC7346E}.Release|Any CPU.Build.0 = Release|Any CPU
		{9EBBC679-31A0-4069-874D-5161FFC7346E}.Release|x64.ActiveCfg = Release|Any CPU
		{9EBBC679-31A0-4069-874D-5161FFC7346E}.Release|x64.Build.0 = Release|Any CPU
		{9EBBC679-31A0-4069-874D-5161FFC7346E}.Release|x86.ActiveCfg = Release|x86
		{9EBBC679-31A0-4069-874D-5161FFC7346E}.Release|x86.Build.0 = Release|x86
		{B90C9F2F-483C-4154-AB74-CEE65C37168C}.Debug|Any CPU.ActiveCfg = Debug|Any CPU
		{B90C9F2F-483C-4154-AB74-CEE65C37168C}.Debug|Any CPU.Build.0 = Debug|Any CPU
		{B90C9F2F-483C-4154-AB74-CEE65C37168C}.Debug|x64.ActiveCfg = Debug|Any CPU
		{B90C9F2F-483C-4154-AB74-CEE65C37168C}.Debug|x64.Build.0 = Debug|Any CPU
		{B90C9F2F-483C-4154-AB74-CEE65C37168C}.Debug|x86.ActiveCfg = Debug|Any CPU
		{B90C9F2F-483C-4154-AB74-CEE65C37168C}.Debug|x86.Build.0 = Debug|Any CPU
		{B90C9F2F-483C-4154-AB74-CEE65C37168C}.Release|Any CPU.ActiveCfg = Release|Any CPU
		{B90C9F2F-483C-4154-AB74-CEE65C37168C}.Release|Any CPU.Build.0 = Release|Any CPU
		{B90C9F2F-483C-4154-AB74-CEE65C37168C}.Release|x64.ActiveCfg = Release|Any CPU
		{B90C9F2F-483C-4154-AB74-CEE65C37168C}.Release|x64.Build.0 = Release|Any CPU
		{B90C9F2F-483C-4154-AB74-CEE65C37168C}.Release|x86.ActiveCfg = Release|Any CPU
		{B90C9F2F-483C-4154-AB74-CEE65C37168C}.Release|x86.Build.0 = Release|Any CPU
	EndGlobalSection
	GlobalSection(SolutionProperties) = preSolution
		HideSolutionNode = FALSE
	EndGlobalSection
EndGlobal
